
Microsoft Visual Studio Solution File, Format Version 12.00
# Visual Studio Version 17
VisualStudioVersion = 17.6.33723.286
MinimumVisualStudioVersion = 10.0.40219.1
Project("{8BC9CEB8-8B4A-11D0-8D11-00A0C91BC942}") = "exercisekedua_198", "exercisekedua_198\exercisekedua_198.vcxproj", "{B1A89EA4-C23A-43E6-A669-006D58FDF3F7}"
EndProject
Global
	GlobalSection(SolutionConfigurationPlatforms) = preSolution
		Debug|x64 = Debug|x64
		Debug|x86 = Debug|x86
		Release|x64 = Release|x64
		Release|x86 = Release|x86
	EndGlobalSection
	GlobalSection(ProjectConfigurationPlatforms) = postSolution
		{B1A89EA4-C23A-43E6-A669-006D58FDF3F7}.Debug|x64.ActiveCfg = Debug|x64
		{B1A89EA4-C23A-43E6-A669-006D58FDF3F7}.Debug|x64.Build.0 = Debug|x64
		{B1A89EA4-C23A-43E6-A669-006D58FDF3F7}.Debug|x86.ActiveCfg = Debug|Win32
		{B1A89EA4-C23A-43E6-A669-006D58FDF3F7}.Debug|x86.Build.0 = Debug|Win32
		{B1A89EA4-C23A-43E6-A669-006D58FDF3F7}.Release|x64.ActiveCfg = Release|x64
		{B1A89EA4-C23A-43E6-A669-006D58FDF3F7}.Release|x64.Build.0 = Release|x64
		{B1A89EA4-C23A-43E6-A669-006D58FDF3F7}.Release|x86.ActiveCfg = Release|Win32
		{B1A89EA4-C23A-43E6-A669-006D58FDF3F7}.Release|x86.Build.0 = Release|Win32
	EndGlobalSection
	GlobalSection(SolutionProperties) = preSolution
		HideSolutionNode = FALSE
	EndGlobalSection
	GlobalSection(ExtensibilityGlobals) = postSolution
		SolutionGuid = {C522DB42-B1E2-43EC-934E-E7C2DF29BA0F}
	EndGlobalSection
EndGlobal
